
Microsoft Visual Studio Solution File, Format Version 11.00
# Visual Studio 2010
Project("{FAE04EC0-301F-11D3-BF4B-00C04F79EFBC}") = "WebDE", "WebDE\WebDE.csproj", "{FAF20FDB-45E0-417A-85A4-7B19F175C297}"
EndProject
Project("{FAE04EC0-301F-11D3-BF4B-00C04F79EFBC}") = "WebDE.Clock", "WebDE.Clock\WebDE.Clock.csproj", "{B678FA7C-F46B-42AC-BE6B-4924DA1B8F70}"
EndProject
Project("{FAE04EC0-301F-11D3-BF4B-00C04F79EFBC}") = "WebDE.Input", "WebDE.Input\WebDE.Input.csproj", "{FBD7C4B1-5577-4A17-A8D4-7A55B06762E0}"
EndProject
Project("{FAE04EC0-301F-11D3-BF4B-00C04F79EFBC}") = "MemeDefense", "MemeDefense\MemeDefense.csproj", "{3ABB68B5-999C-45F1-B709-A238790EFE2D}"
EndProject
Project("{FAE04EC0-301F-11D3-BF4B-00C04F79EFBC}") = "WebDEServerSharp", "WebDEServerSharp\WebDEServerSharp.csproj", "{61D67CFE-5CDD-44EB-A9BF-B2D23CC55C77}"
EndProject
Project("{FAE04EC0-301F-11D3-BF4B-00C04F79EFBC}") = "WebDE.Net", "WebDE.Net\WebDE.Net.csproj", "{57D0B6E7-465B-415B-9D4C-C3B197F87CCD}"
EndProject
Project("{FAE04EC0-301F-11D3-BF4B-00C04F79EFBC}") = "WebDE.Types", "WebDE.Types\WebDE.Types.csproj", "{F0D76D43-57FF-4290-9041-36362B11B827}"
EndProject
Global
	GlobalSection(SolutionConfigurationPlatforms) = preSolution
		Debug|Any CPU = Debug|Any CPU
		Debug|Mixed Platforms = Debug|Mixed Platforms
		Debug|x86 = Debug|x86
		Release|Any CPU = Release|Any CPU
		Release|Mixed Platforms = Release|Mixed Platforms
		Release|x86 = Release|x86
	EndGlobalSection
	GlobalSection(ProjectConfigurationPlatforms) = postSolution
		{FAF20FDB-45E0-417A-85A4-7B19F175C297}.Debug|Any CPU.ActiveCfg = Debug|Any CPU
		{FAF20FDB-45E0-417A-85A4-7B19F175C297}.Debug|Any CPU.Build.0 = Debug|Any CPU
		{FAF20FDB-45E0-417A-85A4-7B19F175C297}.Debug|Mixed Platforms.ActiveCfg = Debug|Any CPU
		{FAF20FDB-45E0-417A-85A4-7B19F175C297}.Debug|Mixed Platforms.Build.0 = Debug|Any CPU
		{FAF20FDB-45E0-417A-85A4-7B19F175C297}.Debug|x86.ActiveCfg = Debug|Any CPU
		{FAF20FDB-45E0-417A-85A4-7B19F175C297}.Release|Any CPU.ActiveCfg = Release|Any CPU
		{FAF20FDB-45E0-417A-85A4-7B19F175C297}.Release|Any CPU.Build.0 = Release|Any CPU
		{FAF20FDB-45E0-417A-85A4-7B19F175C297}.Release|Mixed Platforms.ActiveCfg = Release|Any CPU
		{FAF20FDB-45E0-417A-85A4-7B19F175C297}.Release|Mixed Platforms.Build.0 = Release|Any CPU
		{FAF20FDB-45E0-417A-85A4-7B19F175C297}.Release|x86.ActiveCfg = Release|Any CPU
		{B678FA7C-F46B-42AC-BE6B-4924DA1B8F70}.Debug|Any CPU.ActiveCfg = Debug|Any CPU
		{B678FA7C-F46B-42AC-BE6B-4924DA1B8F70}.Debug|Any CPU.Build.0 = Debug|Any CPU
		{B678FA7C-F46B-42AC-BE6B-4924DA1B8F70}.Debug|Mixed Platforms.ActiveCfg = Debug|Any CPU
		{B678FA7C-F46B-42AC-BE6B-4924DA1B8F70}.Debug|Mixed Platforms.Build.0 = Debug|Any CPU
		{B678FA7C-F46B-42AC-BE6B-4924DA1B8F70}.Debug|x86.ActiveCfg = Debug|Any CPU
		{B678FA7C-F46B-42AC-BE6B-4924DA1B8F70}.Release|Any CPU.ActiveCfg = Release|Any CPU
		{B678FA7C-F46B-42AC-BE6B-4924DA1B8F70}.Release|Any CPU.Build.0 = Release|Any CPU
		{B678FA7C-F46B-42AC-BE6B-4924DA1B8F70}.Release|Mixed Platforms.ActiveCfg = Release|Any CPU
		{B678FA7C-F46B-42AC-BE6B-4924DA1B8F70}.Release|Mixed Platforms.Build.0 = Release|Any CPU
		{B678FA7C-F46B-42AC-BE6B-4924DA1B8F70}.Release|x86.ActiveCfg = Release|Any CPU
		{FBD7C4B1-5577-4A17-A8D4-7A55B06762E0}.Debug|Any CPU.ActiveCfg = Debug|Any CPU
		{FBD7C4B1-5577-4A17-A8D4-7A55B06762E0}.Debug|Any CPU.Build.0 = Debug|Any CPU
		{FBD7C4B1-5577-4A17-A8D4-7A55B06762E0}.Debug|Mixed Platforms.ActiveCfg = Debug|Any CPU
		{FBD7C4B1-5577-4A17-A8D4-7A55B06762E0}.Debug|Mixed Platforms.Build.0 = Debug|Any CPU
		{FBD7C4B1-5577-4A17-A8D4-7A55B06762E0}.Debug|x86.ActiveCfg = Debug|Any CPU
		{FBD7C4B1-5577-4A17-A8D4-7A55B06762E0}.Release|Any CPU.ActiveCfg = Release|Any CPU
		{FBD7C4B1-5577-4A17-A8D4-7A55B06762E0}.Release|Any CPU.Build.0 = Release|Any CPU
		{FBD7C4B1-5577-4A17-A8D4-7A55B06762E0}.Release|Mixed Platforms.ActiveCfg = Release|Any CPU
		{FBD7C4B1-5577-4A17-A8D4-7A55B06762E0}.Release|Mixed Platforms.Build.0 = Release|Any CPU
		{FBD7C4B1-5577-4A17-A8D4-7A55B06762E0}.Release|x86.ActiveCfg = Release|Any CPU
		{3ABB68B5-999C-45F1-B709-A238790EFE2D}.Debug|Any CPU.ActiveCfg = Debug|Any CPU
		{3ABB68B5-999C-45F1-B709-A238790EFE2D}.Debug|Any CPU.Build.0 = Debug|Any CPU
		{3ABB68B5-999C-45F1-B709-A238790EFE2D}.Debug|Mixed Platforms.ActiveCfg = Debug|Any CPU
		{3ABB68B5-999C-45F1-B709-A238790EFE2D}.Debug|Mixed Platforms.Build.0 = Debug|Any CPU
		{3ABB68B5-999C-45F1-B709-A238790EFE2D}.Debug|x86.ActiveCfg = Debug|Any CPU
		{3ABB68B5-999C-45F1-B709-A238790EFE2D}.Release|Any CPU.ActiveCfg = Release|Any CPU
		{3ABB68B5-999C-45F1-B709-A238790EFE2D}.Release|Any CPU.Build.0 = Release|Any CPU
		{3ABB68B5-999C-45F1-B709-A238790EFE2D}.Release|Mixed Platforms.ActiveCfg = Release|Any CPU
		{3ABB68B5-999C-45F1-B709-A238790EFE2D}.Release|Mixed Platforms.Build.0 = Release|Any CPU
		{3ABB68B5-999C-45F1-B709-A238790EFE2D}.Release|x86.ActiveCfg = Release|Any CPU
		{61D67CFE-5CDD-44EB-A9BF-B2D23CC55C77}.Debug|Any CPU.ActiveCfg = Debug|x86
		{61D67CFE-5CDD-44EB-A9BF-B2D23CC55C77}.Debug|Mixed Platforms.ActiveCfg = Debug|x86
		{61D67CFE-5CDD-44EB-A9BF-B2D23CC55C77}.Debug|Mixed Platforms.Build.0 = Debug|x86
		{61D67CFE-5CDD-44EB-A9BF-B2D23CC55C77}.Debug|x86.ActiveCfg = Debug|x86
		{61D67CFE-5CDD-44EB-A9BF-B2D23CC55C77}.Debug|x86.Build.0 = Debug|x86
		{61D67CFE-5CDD-44EB-A9BF-B2D23CC55C77}.Release|Any CPU.ActiveCfg = Release|x86
		{61D67CFE-5CDD-44EB-A9BF-B2D23CC55C77}.Release|Mixed Platforms.ActiveCfg = Release|x86
		{61D67CFE-5CDD-44EB-A9BF-B2D23CC55C77}.Release|Mixed Platforms.Build.0 = Release|x86
		{61D67CFE-5CDD-44EB-A9BF-B2D23CC55C77}.Release|x86.ActiveCfg = Release|x86
		{61D67CFE-5CDD-44EB-A9BF-B2D23CC55C77}.Release|x86.Build.0 = Release|x86
		{57D0B6E7-465B-415B-9D4C-C3B197F87CCD}.Debug|Any CPU.ActiveCfg = Debug|Any CPU
		{57D0B6E7-465B-415B-9D4C-C3B197F87CCD}.Debug|Any CPU.Build.0 = Debug|Any CPU
		{57D0B6E7-465B-415B-9D4C-C3B197F87CCD}.Debug|Mixed Platforms.ActiveCfg = Debug|Any CPU
		{57D0B6E7-465B-415B-9D4C-C3B197F87CCD}.Debug|Mixed Platforms.Build.0 = Debug|Any CPU
		{57D0B6E7-465B-415B-9D4C-C3B197F87CCD}.Debug|x86.ActiveCfg = Debug|Any CPU
		{57D0B6E7-465B-415B-9D4C-C3B197F87CCD}.Release|Any CPU.ActiveCfg = Release|Any CPU
		{57D0B6E7-465B-415B-9D4C-C3B197F87CCD}.Release|Any CPU.Build.0 = Release|Any CPU
		{57D0B6E7-465B-415B-9D4C-C3B197F87CCD}.Release|Mixed Platforms.ActiveCfg = Release|Any CPU
		{57D0B6E7-465B-415B-9D4C-C3B197F87CCD}.Release|Mixed Platforms.Build.0 = Release|Any CPU
		{57D0B6E7-465B-415B-9D4C-C3B197F87CCD}.Release|x86.ActiveCfg = Release|Any CPU
		{F0D76D43-57FF-4290-9041-36362B11B827}.Debug|Any CPU.ActiveCfg = Debug|Any CPU
		{F0D76D43-57FF-4290-9041-36362B11B827}.Debug|Any CPU.Build.0 = Debug|Any CPU
		{F0D76D43-57FF-4290-9041-36362B11B827}.Debug|Mixed Platforms.ActiveCfg = Debug|Any CPU
		{F0D76D43-57FF-4290-9041-36362B11B827}.Debug|Mixed Platforms.Build.0 = Debug|Any CPU
		{F0D76D43-57FF-4290-9041-36362B11B827}.Debug|x86.ActiveCfg = Debug|Any CPU
		{F0D76D43-57FF-4290-9041-36362B11B827}.Release|Any CPU.ActiveCfg = Release|Any CPU
		{F0D76D43-57FF-4290-9041-36362B11B827}.Release|Any CPU.Build.0 = Release|Any CPU
		{F0D76D43-57FF-4290-9041-36362B11B827}.Release|Mixed Platforms.ActiveCfg = Release|Any CPU
		{F0D76D43-57FF-4290-9041-36362B11B827}.Release|Mixed Platforms.Build.0 = Release|Any CPU
		{F0D76D43-57FF-4290-9041-36362B11B827}.Release|x86.ActiveCfg = Release|Any CPU
	EndGlobalSection
	GlobalSection(SolutionProperties) = preSolution
		HideSolutionNode = FALSE
	EndGlobalSection
EndGlobal
